
Microsoft Visual Studio Solution File, Format Version 12.00
# Visual Studio 15
VisualStudioVersion = 15.0.26730.12
MinimumVisualStudioVersion = 10.0.40219.1
Project("{FAE04EC0-301F-11D3-BF4B-00C04F79EFBC}") = "ZooQ.API", "ZooQ.API\ZooQ.API.csproj", "{5F7F043C-6C01-431D-AD4E-FBB983A09A05}"
EndProject
Global
	GlobalSection(SolutionConfigurationPlatforms) = preSolution
		Debug|Any CPU = Debug|Any CPU
		Release|Any CPU = Release|Any CPU
	EndGlobalSection
	GlobalSection(ProjectConfigurationPlatforms) = postSolution
		{5F7F043C-6C01-431D-AD4E-FBB983A09A05}.Debug|Any CPU.ActiveCfg = Debug|Any CPU
		{5F7F043C-6C01-431D-AD4E-FBB983A09A05}.Debug|Any CPU.Build.0 = Debug|Any CPU
		{5F7F043C-6C01-431D-AD4E-FBB983A09A05}.Release|Any CPU.ActiveCfg = Release|Any CPU
		{5F7F043C-6C01-431D-AD4E-FBB983A09A05}.Release|Any CPU.Build.0 = Release|Any CPU
	EndGlobalSection
	GlobalSection(SolutionProperties) = preSolution
		HideSolutionNode = FALSE
	EndGlobalSection
	GlobalSection(ExtensibilityGlobals) = postSolution
		SolutionGuid = {4EA391FF-DD7F-4FC0-831E-32C121257C65}
	EndGlobalSection
EndGlobal
